
Microsoft Visual Studio Solution File, Format Version 12.00
# Visual Studio Version 17
VisualStudioVersion = 17.3.32901.215
MinimumVisualStudioVersion = 10.0.40219.1
Project("{FAE04EC0-301F-11D3-BF4B-00C04F79EFBC}") = "ConsoleServer", "ConsoleServer\ConsoleServer.csproj", "{824976FF-0909-4E7A-9289-E8ED88517459}"
EndProject
Global
	GlobalSection(SolutionConfigurationPlatforms) = preSolution
		Debug|Any CPU = Debug|Any CPU
		Release|Any CPU = Release|Any CPU
	EndGlobalSection
	GlobalSection(ProjectConfigurationPlatforms) = postSolution
		{824976FF-0909-4E7A-9289-E8ED88517459}.Debug|Any CPU.ActiveCfg = Debug|Any CPU
		{824976FF-0909-4E7A-9289-E8ED88517459}.Debug|Any CPU.Build.0 = Debug|Any CPU
		{824976FF-0909-4E7A-9289-E8ED88517459}.Release|Any CPU.ActiveCfg = Release|Any CPU
		{824976FF-0909-4E7A-9289-E8ED88517459}.Release|Any CPU.Build.0 = Release|Any CPU
	EndGlobalSection
	GlobalSection(SolutionProperties) = preSolution
		HideSolutionNode = FALSE
	EndGlobalSection
	GlobalSection(ExtensibilityGlobals) = postSolution
		SolutionGuid = {80FB1431-2CE9-434C-84FA-0A241F9F6C5D}
	EndGlobalSection
EndGlobal
